// !$*UTF8*$!
{
	archiveVersion = 1;
	classes = {
	};
	objectVersion = 56;
	objects = {

/* Begin PBXBuildFile section */
		826A270A0A414B1C964C2F20 /* ReadyaimgoHubApp.swift in Sources */ = {isa = PBXBuildFile; fileRef = 826A270B0A414B1C964C2F21 /* ReadyaimgoHubApp.swift */; };
		826A270C0A414B1C964C2F22 /* ContentView.swift in Sources */ = {isa = PBXBuildFile; fileRef = 826A270D0A414B1C964C2F23 /* ContentView.swift */; };
		826A270E0A414B1C964C2F24 /* Assets.xcassets in Resources */ = {isa = PBXBuildFile; fileRef = 826A270F0A414B1C964C2F25 /* Assets.xcassets */; };
		826A27100A414B1C964C2F26 /* Preview Assets.xcassets in Resources */ = {isa = PBXBuildFile; fileRef = 826A27110A414B1C964C2F27 /* Preview Assets.xcassets */; };
		826A27220A414B1C964C2F38 /* SupabaseManager.swift in Sources */ = {isa = PBXBuildFile; fileRef = 826A27230A414B1C964C2F39 /* SupabaseManager.swift */; };
		826A27240A414B1C964C2F3A /* OpenAIManager.swift in Sources */ = {isa = PBXBuildFile; fileRef = 826A27250A414B1C964C2F3B /* OpenAIManager.swift */; };
		826A27260A414B1C964C2F3C /* AuthManager.swift in Sources */ = {isa = PBXBuildFile; fileRef = 826A27270A414B1C964C2F3D /* AuthManager.swift */; };
		826A27280A414B1C964C2F3E /* Models.swift in Sources */ = {isa = PBXBuildFile; fileRef = 826A27290A414B1C964C2F3F /* Models.swift */; };
		826A272A0A414B1C964C2F40 /* KeychainManager.swift in Sources */ = {isa = PBXBuildFile; fileRef = 826A272B0A414B1C964C2F41 /* KeychainManager.swift */; };
		826A272C0A414B1C964C2F42 /* MasterIndexView.swift in Sources */ = {isa = PBXBuildFile; fileRef = 826A272D0A414B1C964C2F43 /* MasterIndexView.swift */; };
		826A272E0A414B1C964C2F44 /* CommunicationMatrixView.swift in Sources */ = {isa = PBXBuildFile; fileRef = 826A272F0A414B1C964C2F45 /* CommunicationMatrixView.swift */; };
		826A27300A414B1C964C2F46 /* TemplateLibraryView.swift in Sources */ = {isa = PBXBuildFile; fileRef = 826A27310A414B1C964C2F47 /* TemplateLibraryView.swift */; };
		826A27320A414B1C964C2F48 /* PriorityBoardView.swift in Sources */ = {isa = PBXBuildFile; fileRef = 826A27330A414B1C964C2F49 /* PriorityBoardView.swift */; };
		826A27340A414B1C964C2F4A /* NarrativeLibraryView.swift in Sources */ = {isa = PBXBuildFile; fileRef = 826A27350A414B1C964C2F4B /* NarrativeLibraryView.swift */; };
		826A27360A414B1C964C2F4C /* ConfidentialPlaybookView.swift in Sources */ = {isa = PBXBuildFile; fileRef = 826A27370A414B1C964C2F4D /* ConfidentialPlaybookView.swift */; };
		826A27380A414B1C964C2F4E /* AuthView.swift in Sources */ = {isa = PBXBuildFile; fileRef = 826A27390A414B1C964C2F4F /* AuthView.swift */; };
		826A273A0A414B1C964C2F50 /* SettingsView.swift in Sources */ = {isa = PBXBuildFile; fileRef = 826A273B0A414B1C964C2F51 /* SettingsView.swift */; };
/* End PBXBuildFile section */

/* Begin PBXFileReference section */
		826A27120A414B1C964C2F28 /* ReadyaimgoHub.app */ = {isa = PBXFileReference; explicitFileType = wrapper.application; includeInIndex = 0; path = ReadyaimgoHub.app; sourceTree = BUILT_PRODUCTS_DIR; };
		826A270B0A414B1C964C2F21 /* ReadyaimgoHubApp.swift */ = {isa = PBXFileReference; lastKnownFileType = sourcecode.swift; path = ReadyaimgoHubApp.swift; sourceTree = "<group>"; };
		826A270D0A414B1C964C2F23 /* ContentView.swift */ = {isa = PBXFileReference; lastKnownFileType = sourcecode.swift; path = ContentView.swift; sourceTree = "<group>"; };
		826A270F0A414B1C964C2F25 /* Assets.xcassets */ = {isa = PBXFileReference; lastKnownFileType = folder.assetcatalog; path = Assets.xcassets; sourceTree = "<group>"; };
		826A27110A414B1C964C2F27 /* Preview Assets.xcassets */ = {isa = PBXFileReference; lastKnownFileType = folder.assetcatalog; path = "Preview Assets.xcassets"; sourceTree = "<group>"; };
		826A27130A414B1C964C2F29 /* Info.plist */ = {isa = PBXFileReference; lastKnownFileType = text.plist.xml; path = Info.plist; sourceTree = "<group>"; };
		826A27230A414B1C964C2F39 /* SupabaseManager.swift */ = {isa = PBXFileReference; lastKnownFileType = sourcecode.swift; path = SupabaseManager.swift; sourceTree = "<group>"; };
		826A27250A414B1C964C2F3B /* OpenAIManager.swift */ = {isa = PBXFileReference; lastKnownFileType = sourcecode.swift; path = OpenAIManager.swift; sourceTree = "<group>"; };
		826A27270A414B1C964C2F3D /* AuthManager.swift */ = {isa = PBXFileReference; lastKnownFileType = sourcecode.swift; path = AuthManager.swift; sourceTree = "<group>"; };
		826A27290A414B1C964C2F3F /* Models.swift */ = {isa = PBXFileReference; lastKnownFileType = sourcecode.swift; path = Models.swift; sourceTree = "<group>"; };
		826A272B0A414B1C964C2F41 /* KeychainManager.swift */ = {isa = PBXFileReference; lastKnownFileType = sourcecode.swift; path = KeychainManager.swift; sourceTree = "<group>"; };
		826A272D0A414B1C964C2F43 /* MasterIndexView.swift */ = {isa = PBXFileReference; lastKnownFileType = sourcecode.swift; path = MasterIndexView.swift; sourceTree = "<group>"; };
		826A272F0A414B1C964C2F45 /* CommunicationMatrixView.swift */ = {isa = PBXFileReference; lastKnownFileType = sourcecode.swift; path = CommunicationMatrixView.swift; sourceTree = "<group>"; };
		826A27310A414B1C964C2F47 /* TemplateLibraryView.swift */ = {isa = PBXFileReference; lastKnownFileType = sourcecode.swift; path = TemplateLibraryView.swift; sourceTree = "<group>"; };
		826A27330A414B1C964C2F49 /* PriorityBoardView.swift */ = {isa = PBXFileReference; lastKnownFileType = sourcecode.swift; path = PriorityBoardView.swift; sourceTree = "<group>"; };
		826A27350A414B1C964C2F4B /* NarrativeLibraryView.swift */ = {isa = PBXFileReference; lastKnownFileType = sourcecode.swift; path = NarrativeLibraryView.swift; sourceTree = "<group>"; };
		826A27370A414B1C964C2F4D /* ConfidentialPlaybookView.swift */ = {isa = PBXFileReference; lastKnownFileType = sourcecode.swift; path = ConfidentialPlaybookView.swift; sourceTree = "<group>"; };
		826A27390A414B1C964C2F4F /* AuthView.swift */ = {isa = PBXFileReference; lastKnownFileType = sourcecode.swift; path = AuthView.swift; sourceTree = "<group>"; };
		826A273B0A414B1C964C2F51 /* SettingsView.swift */ = {isa = PBXFileReference; lastKnownFileType = sourcecode.swift; path = SettingsView.swift; sourceTree = "<group>"; };
/* End PBXFileReference section */

/* Begin PBXFrameworksBuildPhase section */
		826A27140A414B1C964C2F2A /* Frameworks */ = {
			isa = PBXFrameworksBuildPhase;
			buildActionMask = 2147483647;
			files = (
			);
			runOnlyForDeploymentPostprocessing = 0;
		};
/* End PBXFrameworksBuildPhase section */

/* Begin PBXGroup section */
		826A27150A414B1C964C2F2B = {
			isa = PBXGroup;
			children = (
				826A27160A414B1C964C2F2C /* ReadyaimgoHub */,
				826A27170A414B1C964C2F2D /* Products */,
			);
			sourceTree = "<group>";
		};
		826A27160A414B1C964C2F2C /* ReadyaimgoHub */ = {
			isa = PBXGroup;
			children = (
				826A270B0A414B1C964C2F21 /* ReadyaimgoHubApp.swift */,
				826A270D0A414B1C964C2F23 /* ContentView.swift */,
				826A27230A414B1C964C2F39 /* SupabaseManager.swift */,
				826A27250A414B1C964C2F3B /* OpenAIManager.swift */,
				826A27270A414B1C964C2F3D /* AuthManager.swift */,
				826A27290A414B1C964C2F3F /* Models.swift */,
				826A272B0A414B1C964C2F41 /* KeychainManager.swift */,
				826A272D0A414B1C964C2F43 /* MasterIndexView.swift */,
				826A272F0A414B1C964C2F45 /* CommunicationMatrixView.swift */,
				826A27310A414B1C964C2F47 /* TemplateLibraryView.swift */,
				826A27330A414B1C964C2F49 /* PriorityBoardView.swift */,
				826A27350A414B1C964C2F4B /* NarrativeLibraryView.swift */,
				826A27370A414B1C964C2F4D /* ConfidentialPlaybookView.swift */,
				826A27390A414B1C964C2F4F /* AuthView.swift */,
				826A273B0A414B1C964C2F51 /* SettingsView.swift */,
				826A270F0A414B1C964C2F25 /* Assets.xcassets */,
				826A27130A414B1C964C2F29 /* Info.plist */,
				826A27110A414B1C964C2F27 /* Preview Assets.xcassets */,
			);
			path = ReadyaimgoHub;
			sourceTree = "<group>";
		};
		826A27170A414B1C964C2F2D /* Products */ = {
			isa = PBXGroup;
			children = (
				826A27120A414B1C964C2F28 /* ReadyaimgoHub.app */,
			);
			name = Products;
			sourceTree = "<group>";
		};
/* End PBXGroup section */

/* Begin PBXNativeTarget section */
		826A27180A414B1C964C2F2E /* ReadyaimgoHub */ = {
			isa = PBXNativeTarget;
			buildConfigurationList = 826A27190A414B1C964C2F2F /* Build configuration list for PBXNativeTarget "ReadyaimgoHub" */;
			buildPhases = (
				826A271A0A414B1C964C2F30 /* Sources */,
				826A27140A414B1C964C2F2A /* Frameworks */,
				826A271B0A414B1C964C2F31 /* Resources */,
			);
			buildRules = (
			);
			dependencies = (
			);
			name = ReadyaimgoHub;
			productName = ReadyaimgoHub;
			productReference = 826A27120A414B1C964C2F28 /* ReadyaimgoHub.app */;
			productType = "com.apple.product-type.application";
		};
/* End PBXNativeTarget section */

/* Begin PBXProject section */
		826A271C0A414B1C964C2F32 /* Project object */ = {
			isa = PBXProject;
			attributes = {
				BuildIndependentTargetsInParallel = 1;
				LastSwiftUpdateCheck = 1500;
				LastUpgradeCheck = 1500;
				TargetAttributes = {
					826A27180A414B1C964C2F2E = {
						CreatedOnToolsVersion = 15.0;
					};
				};
			};
			buildConfigurationList = 826A271D0A414B1C964C2F33 /* Build configuration list for PBXProject "ReadyaimgoHub" */;
			compatibilityVersion = "Xcode 14.0";
			developmentRegion = en;
			hasScannedForEncodings = 0;
			knownRegions = (
				en,
				Base,
			);
			mainGroup = 826A27150A414B1C964C2F2B;
			productRefGroup = 826A27170A414B1C964C2F2D /* Products */;
			projectDirPath = "";
			projectRoot = "";
			targets = (
				826A27180A414B1C964C2F2E /* ReadyaimgoHub */,
			);
		};
/* End PBXProject section */

/* Begin PBXResourcesBuildPhase section */
		826A271B0A414B1C964C2F31 /* Resources */ = {
			isa = PBXResourcesBuildPhase;
			buildActionMask = 2147483647;
			files = (
				826A27100A414B1C964C2F26 /* Preview Assets.xcassets in Resources */,
				826A270E0A414B1C964C2F24 /* Assets.xcassets in Resources */,
			);
			runOnlyForDeploymentPostprocessing = 0;
		};
/* End PBXResourcesBuildPhase section */

/* Begin PBXSourcesBuildPhase section */
		826A271A0A414B1C964C2F30 /* Sources */ = {
			isa = PBXSourcesBuildPhase;
			buildActionMask = 2147483647;
			files = (
				826A270A0A414B1C964C2F20 /* ReadyaimgoHubApp.swift in Sources */,
				826A270C0A414B1C964C2F22 /* ContentView.swift in Sources */,
				826A27220A414B1C964C2F38 /* SupabaseManager.swift in Sources */,
				826A27240A414B1C964C2F3A /* OpenAIManager.swift in Sources */,
				826A27260A414B1C964C2F3C /* AuthManager.swift in Sources */,
				826A27280A414B1C964C2F3E /* Models.swift in Sources */,
				826A272A0A414B1C964C2F40 /* KeychainManager.swift in Sources */,
				826A272C0A414B1C964C2F42 /* MasterIndexView.swift in Sources */,
				826A272E0A414B1C964C2F44 /* CommunicationMatrixView.swift in Sources */,
				826A27300A414B1C964C2F46 /* TemplateLibraryView.swift in Sources */,
				826A27320A414B1C964C2F48 /* PriorityBoardView.swift in Sources */,
				826A27340A414B1C964C2F4A /* NarrativeLibraryView.swift in Sources */,
				826A27360A414B1C964C2F4C /* ConfidentialPlaybookView.swift in Sources */,
				826A27380A414B1C964C2F4E /* AuthView.swift in Sources */,
				826A273A0A414B1C964C2F50 /* SettingsView.swift in Sources */,
			);
			runOnlyForDeploymentPostprocessing = 0;
		};
/* End PBXSourcesBuildPhase section */

/* Begin XCBuildConfiguration section */
		826A271E0A414B1C964C2F34 /* Debug */ = {
			isa = XCBuildConfiguration;
			buildSettings = {
				ALWAYS_SEARCH_USER_PATHS = NO;
				ASSETCATALOG_COMPILER_GENERATE_SWIFT_ASSET_SYMBOL_EXTENSIONS = YES;
				CLANG_ANALYZER_NONNULL = YES;
				CLANG_ANALYZER_NUMBER_OBJECT_CONVERSION = YES_AGGRESSIVE;
				CLANG_CXX_LANGUAGE_STANDARD = "gnu++20";
				CLANG_ENABLE_MODULES = YES;
				CLANG_ENABLE_OBJC_ARC = YES;
				CLANG_ENABLE_OBJC_WEAK = YES;
				CLANG_WARN_BLOCK_CAPTURE_AUTORELEASING = YES;
				CLANG_WARN_BOOL_CONVERSION = YES;
				CLANG_WARN_COMMA = YES;
				CLANG_WARN_CONSTANT_CONVERSION = YES;
				CLANG_WARN_DEPRECATED_OBJC_IMPLEMENTATIONS = YES;
				CLANG_WARN_DIRECT_OBJC_ISA_USAGE = YES_ERROR;
				CLANG_WARN_DOCUMENTATION_COMMENTS = YES;
				CLANG_WARN_EMPTY_BODY = YES;
				CLANG_WARN_ENUM_CONVERSION = YES;
				CLANG_WARN_INFINITE_RECURSION = YES;
				CLANG_WARN_INT_CONVERSION = YES;
				CLANG_WARN_NON_LITERAL_NULL_CONVERSION = YES;
				CLANG_WARN_OBJC_IMPLICIT_RETAIN_SELF = YES;
				CLANG_WARN_OBJC_LITERAL_CONVERSION = YES;
				CLANG_WARN_OBJC_ROOT_CLASS = YES_ERROR;
				CLANG_WARN_QUOTED_INCLUDE_IN_FRAMEWORK_HEADER = YES;
				CLANG_WARN_RANGE_LOOP_ANALYSIS = YES;
				CLANG_WARN_STRICT_PROTOTYPES = YES;
				CLANG_WARN_SUSPICIOUS_MOVE = YES;
				CLANG_WARN_UNGUARDED_AVAILABILITY = YES_AGGRESSIVE;
				CLANG_WARN_UNREACHABLE_CODE = YES;
				CLANG_WARN__DUPLICATE_METHOD_MATCH = YES;
				COPY_PHASE_STRIP = NO;
				DEBUG_INFORMATION_FORMAT = dwarf;
				ENABLE_STRICT_OBJC_MSGSEND = YES;
				ENABLE_TESTABILITY = YES;
				ENABLE_USER_SCRIPT_SANDBOXING = YES;
				GCC_C_LANGUAGE_STANDARD = gnu17;
				GCC_DYNAMIC_NO_PIC = NO;
				GCC_NO_COMMON_BLOCKS = YES;
				GCC_OPTIMIZATION_LEVEL = 0;
				GCC_PREPROCESSOR_DEFINITIONS = (
					"DEBUG=1",
					"$(inherited)",
				);
				GCC_WARN_64_TO_32_BIT_CONVERSION = YES;
				GCC_WARN_ABOUT_RETURN_TYPE = YES_ERROR;
				GCC_WARN_UNDECLARED_SELECTOR = YES;
				GCC_WARN_UNINITIALIZED_AUTOS = YES_AGGRESSIVE;
				GCC_WARN_UNUSED_FUNCTION = YES;
				GCC_WARN_UNUSED_VARIABLE = YES;
				LOCALIZATION_PREFERS_STRING_CATALOGS = YES;
				MACOSX_DEPLOYMENT_TARGET = 12.0;
				MTL_ENABLE_DEBUG_INFO = INCLUDE_SOURCE;
				MTL_FAST_MATH = YES;
				ONLY_ACTIVE_ARCH = YES;
				SDKROOT = macosx;
				SWIFT_ACTIVE_COMPILATION_CONDITIONS = "DEBUG $(inherited)";
				SWIFT_OPTIMIZATION_LEVEL = "-Onone";
			};
			name = Debug;
		};
		826A271F0A414B1C964C2F35 /* Release */ = {
			isa = XCBuildConfiguration;
			buildSettings = {
				ALWAYS_SEARCH_USER_PATHS = NO;
				ASSETCATALOG_COMPILER_GENERATE_SWIFT_ASSET_SYMBOL_EXTENSIONS = YES;
				CLANG_ANALYZER_NONNULL = YES;
				CLANG_ANALYZER_NUMBER_OBJECT_CONVERSION = YES_AGGRESSIVE;
				CLANG_CXX_LANGUAGE_STANDARD = "gnu++20";
				CLANG_ENABLE_MODULES = YES;
				CLANG_ENABLE_OBJC_ARC = YES;
				CLANG_ENABLE_OBJC_WEAK = YES;
				CLANG_WARN_BLOCK_CAPTURE_AUTORELEASING = YES;
				CLANG_WARN_BOOL_CONVERSION = YES;
				CLANG_WARN_COMMA = YES;
				CLANG_WARN_CONSTANT_CONVERSION = YES;
				CLANG_WARN_DEPRECATED_OBJC_IMPLEMENTATIONS = YES;
				CLANG_WARN_DIRECT_OBJC_ISA_USAGE = YES_ERROR;
				CLANG_WARN_DOCUMENTATION_COMMENTS = YES;
				CLANG_WARN_EMPTY_BODY = YES;
				CLANG_WARN_ENUM_CONVERSION = YES;
				CLANG_WARN_INFINITE_RECURSION = YES;
				CLANG_WARN_INT_CONVERSION = YES;
				CLANG_WARN_NON_LITERAL_NULL_CONVERSION = YES;
				CLANG_WARN_OBJC_IMPLICIT_RETAIN_SELF = YES;
				CLANG_WARN_OBJC_LITERAL_CONVERSION = YES;
				CLANG_WARN_OBJC_ROOT_CLASS = YES_ERROR;
				CLANG_WARN_QUOTED_INCLUDE_IN_FRAMEWORK_HEADER = YES;
				CLANG_WARN_RANGE_LOOP_ANALYSIS = YES;
				CLANG_WARN_STRICT_PROTOTYPES = YES;
				CLANG_WARN_SUSPICIOUS_MOVE = YES;
				CLANG_WARN_UNGUARDED_AVAILABILITY = YES_AGGRESSIVE;
				CLANG_WARN_UNREACHABLE_CODE = YES;
				CLANG_WARN__DUPLICATE_METHOD_MATCH = YES;
				COPY_PHASE_STRIP = NO;
				DEBUG_INFORMATION_FORMAT = "dwarf-with-dsym";
				ENABLE_NS_ASSERTIONS = NO;
				ENABLE_STRICT_OBJC_MSGSEND = YES;
				ENABLE_USER_SCRIPT_SANDBOXING = YES;
				GCC_C_LANGUAGE_STANDARD = gnu17;
				GCC_NO_COMMON_BLOCKS = YES;
				GCC_WARN_64_TO_32_BIT_CONVERSION = YES;
				GCC_WARN_ABOUT_RETURN_TYPE = YES_ERROR;
				GCC_WARN_UNDECLARED_SELECTOR = YES;
				GCC_WARN_UNINITIALIZED_AUTOS = YES_AGGRESSIVE;
				GCC_WARN_UNUSED_FUNCTION = YES;
				GCC_WARN_UNUSED_VARIABLE = YES;
				LOCALIZATION_PREFERS_STRING_CATALOGS = YES;
				MACOSX_DEPLOYMENT_TARGET = 12.0;
				MTL_ENABLE_DEBUG_INFO = NO;
				MTL_FAST_MATH = YES;
				SDKROOT = macosx;
				SWIFT_COMPILATION_MODE = wholemodule;
			};
			name = Release;
		};
		826A27200A414B1C964C2F36 /* Debug */ = {
			isa = XCBuildConfiguration;
			buildSettings = {
				ASSETCATALOG_COMPILER_APPICON_NAME = AppIcon;
				ASSETCATALOG_COMPILER_GLOBAL_ACCENT_COLOR_NAME = AccentColor;
				CODE_SIGN_STYLE = Automatic;
				COMBINE_HIDPI_IMAGES = YES;
				CURRENT_PROJECT_VERSION = 1;
				DEVELOPMENT_TEAM = "";
				ENABLE_PREVIEWS = YES;
				GENERATE_INFOPLIST_FILE = YES;
				INFOPLIST_FILE = ReadyaimgoHub/Info.plist;
				INFOPLIST_KEY_NSHumanReadableCopyright = "";
				LD_RUNPATH_SEARCH_PATHS = (
					"$(inherited)",
					"@executable_path/../Frameworks",
				);
				MARKETING_VERSION = 1.0;
				PRODUCT_BUNDLE_IDENTIFIER = com.readyaimgo.hub;
				PRODUCT_NAME = "$(TARGET_NAME)";
				SWIFT_EMIT_LOC_STRINGS = YES;
				SWIFT_VERSION = 5.0;
			};
			name = Debug;
		};
		826A27210A414B1C964C2F37 /* Release */ = {
			isa = XCBuildConfiguration;
			buildSettings = {
				ASSETCATALOG_COMPILER_APPICON_NAME = AppIcon;
				ASSETCATALOG_COMPILER_GLOBAL_ACCENT_COLOR_NAME = AccentColor;
				CODE_SIGN_STYLE = Automatic;
				COMBINE_HIDPI_IMAGES = YES;
				CURRENT_PROJECT_VERSION = 1;
				DEVELOPMENT_TEAM = "";
				ENABLE_PREVIEWS = YES;
				GENERATE_INFOPLIST_FILE = YES;
				INFOPLIST_FILE = ReadyaimgoHub/Info.plist;
				INFOPLIST_KEY_NSHumanReadableCopyright = "";
				LD_RUNPATH_SEARCH_PATHS = (
					"$(inherited)",
					"@executable_path/../Frameworks",
				);
				MARKETING_VERSION = 1.0;
				PRODUCT_BUNDLE_IDENTIFIER = com.readyaimgo.hub;
				PRODUCT_NAME = "$(TARGET_NAME)";
				SWIFT_EMIT_LOC_STRINGS = YES;
				SWIFT_VERSION = 5.0;
			};
			name = Release;
		};
/* End XCBuildConfiguration section */

/* Begin XCConfigurationList section */
		826A27190A414B1C964C2F2F /* Build configuration list for PBXNativeTarget "ReadyaimgoHub" */ = {
			isa = XCConfigurationList;
			buildConfigurations = (
				826A27200A414B1C964C2F36 /* Debug */,
				826A27210A414B1C964C2F37 /* Release */,
			);
			defaultConfigurationIsVisible = 0;
			defaultConfigurationName = Release;
		};
		826A271D0A414B1C964C2F33 /* Build configuration list for PBXProject "ReadyaimgoHub" */ = {
			isa = XCConfigurationList;
			buildConfigurations = (
				826A271E0A414B1C964C2F34 /* Debug */,
				826A271F0A414B1C964C2F35 /* Release */,
			);
			defaultConfigurationIsVisible = 0;
			defaultConfigurationName = Release;
		};
/* End XCConfigurationList section */
	};
	rootObject = 826A271C0A414B1C964C2F32 /* Project object */;
}
